
Microsoft Visual Studio Solution File, Format Version 12.00
# Visual Studio Version 17
VisualStudioVersion = 17.8.34309.116
MinimumVisualStudioVersion = 10.0.40219.1
Project("{FAE04EC0-301F-11D3-BF4B-00C04F79EFBC}") = "MySite", "MySite\MySite.csproj", "{FDEAC0D1-B531-4ECE-9F68-35A6881ECC8C}"
EndProject
Global
	GlobalSection(SolutionConfigurationPlatforms) = preSolution
		Debug|Any CPU = Debug|Any CPU
		Release|Any CPU = Release|Any CPU
	EndGlobalSection
	GlobalSection(ProjectConfigurationPlatforms) = postSolution
		{FDEAC0D1-B531-4ECE-9F68-35A6881ECC8C}.Debug|Any CPU.ActiveCfg = Debug|Any CPU
		{FDEAC0D1-B531-4ECE-9F68-35A6881ECC8C}.Debug|Any CPU.Build.0 = Debug|Any CPU
		{FDEAC0D1-B531-4ECE-9F68-35A6881ECC8C}.Release|Any CPU.ActiveCfg = Release|Any CPU
		{FDEAC0D1-B531-4ECE-9F68-35A6881ECC8C}.Release|Any CPU.Build.0 = Release|Any CPU
	EndGlobalSection
	GlobalSection(SolutionProperties) = preSolution
		HideSolutionNode = FALSE
	EndGlobalSection
	GlobalSection(ExtensibilityGlobals) = postSolution
		SolutionGuid = {8D631A31-7E97-4F2D-B09B-A9ACCAE943A7}
	EndGlobalSection
EndGlobal
